version = 1
revision = 1
requires-python = ">=3.8"

[[package]]
name = "attribute-lark"
version = "0.1.0"
source = { virtual = "." }
dependencies = [
    { name = "interegular" },
]

[package.metadata]
requires-dist = [{ name = "interegular", specifier = ">=0.3.1,<0.4.0" }]

[[package]]
name = "interegular"
version = "0.3.3"
source = { registry = "https://pypi.org/simple" }
sdist = { url = "https://files.pythonhosted.org/packages/dc/9d/8b6dde58a028a3962ce17e84d5fe73758df61378e00ef8ac3d85da34b0ff/interegular-0.3.3.tar.gz", hash = "sha256:d9b697b21b34884711399ba0f0376914b81899ce670032486d0d048344a76600", size = 24705 }
wheels = [
    { url = "https://files.pythonhosted.org/packages/c4/01/72d6472f80651673716d1deda2a5bbb633e563ecf94f4479da5519d69d25/interegular-0.3.3-py37-none-any.whl", hash = "sha256:b0c07007d48c89d6d19f7204972d369b2a77222722e126b6aa63aa721dc3b19c", size = 23635 },
]
